# This file is autogenerated, do not edit; changes may be undone by the next 'dep ensure'.


[[projects]]
  digest = "1:b23296076e13a960263285b98907623e5d45f12fc405b14da19c6afa2a113deb"
  name = "github.com/google/gopacket"
  packages = [
    ".",
    "layers",
    "pcap",
    "pcapgo",
  ]
  pruneopts = "UT"
  revision = "7f3fc6cbbb499248dca53da7fe3ed6c25a78d22f"
  version = "v1.1.16"

[[projects]]
  branch = "master"
  digest = "1:eb3955c036f989142a5d432f4eff67d5b47d012631910cad6d74ac4c17ce213f"
  name = "github.com/mdlayher/raw"
  packages = ["."]
  pruneopts = "UT"
  revision = "64193704e47285d33feb098cd01306301cdeba4b"

[[projects]]
  branch = "master"
  digest = "1:edb2fb2ec3013479b9195e640b8c7d17e2640f08327b0e4c80bd226afc799db5"
  name = "github.com/vharitonsky/iniflags"
  packages = ["."]
  pruneopts = "UT"
  revision = "a33cd0b5f3de9ef5e89c90ab2f1ebe3f71ad1ece"

[[projects]]
  branch = "master"
  digest = "1:b45576bdf553b4c64ff798345b3256e49a157f8b480d29c8c0a89f09119d6c5a"
  name = "golang.org/x/net"
  packages = ["bpf"]
  pruneopts = "UT"
  revision = "afa5a82059c6356159f699d81beff22a81842231"

[[projects]]
  branch = "master"
  digest = "1:55565b142e38b7d00c39ce9a86fc70bbfa37c4f2f00d8ff2343f433c351db8e3"
  name = "golang.org/x/sys"
  packages = ["unix"]
  pruneopts = "UT"
  revision = "953cdadca894cdc07be76fc99f95b40c28f06623"

[solve-meta]
  analyzer-name = "dep"
  analyzer-version = 1
  input-imports = [
    "github.com/google/gopacket",
    "github.com/google/gopacket/layers",
    "github.com/google/gopacket/pcap",
    "github.com/google/gopacket/pcapgo",
    "github.com/vharitonsky/iniflags",
  ]
  solver-name = "gps-cdcl"
  solver-version = 1
